<?xml version="1.0" encoding="utf-8"?>
<Project ToolsVersion="4.0" xmlns="http://schemas.microsoft.com/developer/msbuild/2003">
  <ItemGroup>
    <Filter Include="Form Files">
      <UniqueIdentifier>{99349809-55BA-4b9d-BF79-8FDBB0286EB3}</UniqueIdentifier>
      <Extensions>ui</Extensions>
      <ParseFiles>false</ParseFiles>
    </Filter>
    <Filter Include="Form Files">
      <UniqueIdentifier>{99349809-55BA-4b9d-BF79-8FDBB0286EB3}</UniqueIdentifier>
      <Extensions>ui</Extensions>
      <ParseFiles>false</ParseFiles>
    </Filter>
    <Filter Include="Generated Files">
      <UniqueIdentifier>{71ED8ED8-ACB9-4CE9-BBE1-E00B30144E11}</UniqueIdentifier>
      <Extensions>cpp;c;cxx;moc;h;def;odl;idl;res;</Extensions>
    </Filter>
    <Filter Include="Generated Files">
      <UniqueIdentifier>{71ED8ED8-ACB9-4CE9-BBE1-E00B30144E11}</UniqueIdentifier>
      <Extensions>cpp;c;cxx;moc;h;def;odl;idl;res;</Extensions>
    </Filter>
    <Filter Include="Header Files">
      <UniqueIdentifier>{93995380-89BD-4b04-88EB-625FBE52EBFB}</UniqueIdentifier>
      <Extensions>h;hpp;hxx;hm;inl;inc;xsd</Extensions>
    </Filter>
    <Filter Include="Header Files">
      <UniqueIdentifier>{93995380-89BD-4b04-88EB-625FBE52EBFB}</UniqueIdentifier>
      <Extensions>h;hpp;hxx;hm;inl;inc;xsd</Extensions>
    </Filter>
    <Filter Include="Source Files">
      <UniqueIdentifier>{4FC737F1-C7A5-4376-A066-2A32D752A2FF}</UniqueIdentifier>
      <Extensions>cpp;c;cxx;def;odl;idl;hpj;bat;asm;asmx</Extensions>
    </Filter>
    <Filter Include="Source Files">
      <UniqueIdentifier>{4FC737F1-C7A5-4376-A066-2A32D752A2FF}</UniqueIdentifier>
      <Extensions>cpp;c;cxx;def;odl;idl;hpj;bat;asm;asmx</Extensions>
    </Filter>
    <Filter Include="Generated Files\Debug">
      <UniqueIdentifier>{85e8d4b7-a2f6-4a52-9ed1-6a098a4c716d}</UniqueIdentifier>
      <Extensions>cpp;moc</Extensions>
      <SourceControlFiles>False</SourceControlFiles>
    </Filter>
    <Filter Include="Generated Files\Release">
      <UniqueIdentifier>{ead5416a-3bb1-4f82-93e6-9a6d2e05c4e1}</UniqueIdentifier>
      <Extensions>cpp;moc</Extensions>
      <SourceControlFiles>False</SourceControlFiles>
    </Filter>
  </ItemGroup>
  <ItemGroup>
    <ClCompile Include="MainWin.cpp">
      <Filter>Source Files</Filter>
    </ClCompile>
    <ClCompile Include="WGraphe.cpp">
      <Filter>Source Files</Filter>
    </ClCompile>
    <ClCompile Include="arc.cpp">
      <Filter>Source Files</Filter>
    </ClCompile>
    <ClCompile Include="couts.cpp">
      <Filter>Source Files</Filter>
    </ClCompile>
    <ClCompile Include="graphe.cpp">
      <Filter>Source Files</Filter>
    </ClCompile>
    <ClCompile Include="grapheNONV.cpp">
      <Filter>Source Files</Filter>
    </ClCompile>
    <ClCompile Include="grapheNOV.cpp">
      <Filter>Source Files</Filter>
    </ClCompile>
    <ClCompile Include="grapheONV.cpp">
      <Filter>Source Files</Filter>
    </ClCompile>
    <ClCompile Include="grapheOV.cpp">
      <Filter>Source Files</Filter>
    </ClCompile>
    <ClCompile Include="liste.cpp">
      <Filter>Source Files</Filter>
    </ClCompile>
    <ClCompile Include="main.cpp">
      <Filter>Source Files</Filter>
    </ClCompile>
    <ClCompile Include="sommet.cpp">
      <Filter>Source Files</Filter>
    </ClCompile>
    <ClCompile Include="Debug\moc_MainWin.cpp">
      <Filter>Generated Files\Debug</Filter>
    </ClCompile>
    <ClCompile Include="Release\moc_MainWin.cpp">
      <Filter>Generated Files\Release</Filter>
    </ClCompile>
    <ClCompile Include="Debug\moc_WGraphe.cpp">
      <Filter>Generated Files\Debug</Filter>
    </ClCompile>
    <ClCompile Include="Release\moc_WGraphe.cpp">
      <Filter>Generated Files\Release</Filter>
    </ClCompile>
  </ItemGroup>
  <ItemGroup>
    <CustomBuild Include="MainWin.h">
      <Filter>Header Files</Filter>
    </CustomBuild>
    <CustomBuild Include="WGraphe.h">
      <Filter>Header Files</Filter>
    </CustomBuild>
    <ClInclude Include="arc.h">
      <Filter>Header Files</Filter>
    </ClInclude>
    <ClInclude Include="couts.h">
      <Filter>Header Files</Filter>
    </ClInclude>
    <ClInclude Include="graphe.h">
      <Filter>Header Files</Filter>
    </ClInclude>
    <ClInclude Include="grapheNONV.h">
      <Filter>Header Files</Filter>
    </ClInclude>
    <ClInclude Include="grapheNOV.h">
      <Filter>Header Files</Filter>
    </ClInclude>
    <ClInclude Include="grapheONV.h">
      <Filter>Header Files</Filter>
    </ClInclude>
    <ClInclude Include="grapheOV.h">
      <Filter>Header Files</Filter>
    </ClInclude>
    <ClInclude Include="liste.h">
      <Filter>Header Files</Filter>
    </ClInclude>
    <ClInclude Include="sommet.h">
      <Filter>Header Files</Filter>
    </ClInclude>
  </ItemGroup>
  <ItemGroup>
    <CustomBuild Include="mainwindow.ui">
      <Filter>Form Files</Filter>
    </CustomBuild>
  </ItemGroup>
  <ItemGroup>
    <ClInclude Include="GeneratedFiles\ui_mainwindow.h">
      <Filter>Generated Files</Filter>
    </ClInclude>
  </ItemGroup>
</Project>